{
  "requires": true,
  "lockfileVersion": 1,
  "dependencies": {
    "@editorjs/code": {
      "version": "2.6.0",
      "resolved": "https://registry.npmjs.org/@editorjs/code/-/code-2.6.0.tgz",
      "integrity": "sha512-vJL8EebHQ6cNT1iPmlAtQN5gIy5gAPyElwJDVwOOgczZGR0vstCjwLP9YY2ThsHMv1dwiUXO0JsRqw9m5W7GDw=="
    },
    "@editorjs/delimiter": {
      "version": "1.2.0",
      "resolved": "https://registry.npmjs.org/@editorjs/delimiter/-/delimiter-1.2.0.tgz",
      "integrity": "sha512-GKsCFPk85vH5FuCuVQ48NTLc9hk0T3DsBH9zABaicTYIJayFcUa8N4/Y+L3i4tduzDqqyvoxkv+5n43GmC5gEA=="
    },
    "@editorjs/editorjs": {
      "version": "2.19.0",
      "resolved": "https://registry.npmjs.org/@editorjs/editorjs/-/editorjs-2.19.0.tgz",
      "integrity": "sha512-8PUVaBZx69IrG8dNrE+FZbHSiRTR8ql8L/cmEi1mOdEdTqnOLq5Wv9dgemK00mBWEgNoavMAjtGQpItGknAa8A==",
      "requires": {
        "codex-notifier": "^1.1.2",
        "codex-tooltip": "^1.0.1"
      }
    },
    "@editorjs/embed": {
      "version": "2.4.0",
      "resolved": "https://registry.npmjs.org/@editorjs/embed/-/embed-2.4.0.tgz",
      "integrity": "sha512-sGX0KfPszeGBrlBYlgB1vPn/RYRQ/ORcEb9C2kUnFpmRU+R2yb7t+YD9r4DceTyODTK91imYx1YczMlBewGLDA=="
    },
    "@editorjs/header": {
      "version": "2.6.1",
      "resolved": "https://registry.npmjs.org/@editorjs/header/-/header-2.6.1.tgz",
      "integrity": "sha512-EsnyVFv5uThpU9tbQ/dUPFCQoa/sBFy2n+9tN3wOXJGx7sjea4fdcacJ2UYhO+7pCgZ+aSgmMOyGLYHUFbchvA=="
    },
    "@editorjs/inline-code": {
      "version": "1.3.1",
      "resolved": "https://registry.npmjs.org/@editorjs/inline-code/-/inline-code-1.3.1.tgz",
      "integrity": "sha512-iY6DeRmJo2Jl6sB2S9QEA9OoSp+KCHBztoY2fjPeiBcKCOKX8we5H3JQJTLxT0L/N8uJqCUiiPKgG6xvqaCn+g=="
    },
    "@editorjs/list": {
      "version": "1.6.1",
      "resolved": "https://registry.npmjs.org/@editorjs/list/-/list-1.6.1.tgz",
      "integrity": "sha512-9f24qApHmvUOq1tvAmwYS2dQIh1LGwsWJFVYNci0R4HIES848kmspfUS8p1ATJv2msogugeFDz1k3KQ5fZSCzw=="
    },
    "@editorjs/marker": {
      "version": "1.2.2",
      "resolved": "https://registry.npmjs.org/@editorjs/marker/-/marker-1.2.2.tgz",
      "integrity": "sha512-BN/IHbVKKahGnMAiBOV5U7XUjfF6JkIkTZ6qNLxtTr7PUPM8UsJV8G8pyll9CX+XRUYYZyokA2kEBHTS4vUyyw=="
    },
    "@editorjs/paragraph": {
      "version": "2.8.0",
      "resolved": "https://registry.npmjs.org/@editorjs/paragraph/-/paragraph-2.8.0.tgz",
      "integrity": "sha512-z6w5ZR0ru3p/IjxJW/tb7OcSnVttkZukQMIsnBMX1FIKc1BNdr7NwM1YoCyTl4OnC90YfL0xgES6/20/W267pw=="
    },
    "@editorjs/quote": {
      "version": "2.4.0",
      "resolved": "https://registry.npmjs.org/@editorjs/quote/-/quote-2.4.0.tgz",
      "integrity": "sha512-IWOBWjL2ngPP63GcIAltyD9kc7OVZFma4kS+T5JRHvKKDspYsnmrxsbRmCPc+coZQzqPxXHkiOZuNMdmGX/Y3w=="
    },
    "@editorjs/simple-image": {
      "version": "1.4.0",
      "resolved": "https://registry.npmjs.org/@editorjs/simple-image/-/simple-image-1.4.0.tgz",
      "integrity": "sha512-rARMYyTP7OUzf+YhrgUpXzc1yHhER6a9G8mxdnuSF0N9Kt8r1BGqe808YNs20TfMRpYgMXHvP9iiKGgooSPhmg=="
    },
    "@editorjs/table": {
      "version": "1.3.0",
      "resolved": "https://registry.npmjs.org/@editorjs/table/-/table-1.3.0.tgz",
      "integrity": "sha512-3/gr7IkjsYuECndCpcBSKzZQHos7C9QU1ach8avyVbXB3VLAa1RyGjgocu0Ct4d02HdxirrYZ7+vP1Na+s04GQ=="
    },
    "@editorjs/underline": {
      "version": "1.0.0",
      "resolved": "https://registry.npmjs.org/@editorjs/underline/-/underline-1.0.0.tgz",
      "integrity": "sha512-2qbmr6/Y5ZIsfmJeAxLujCndc5wpIEQ2uxoPIdR3uHIUQhA6Q28U5HdoGpEZwsP1d7e/A/vBhN18Ugro0iA0MQ=="
    },
    "@webassemblyjs/ast": {
      "version": "1.9.0",
      "resolved": "https://registry.npmjs.org/@webassemblyjs/ast/-/ast-1.9.0.tgz",
      "integrity": "sha512-C6wW5L+b7ogSDVqymbkkvuW9kruN//YisMED04xzeBBqjHa2FYnmvOlS6Xj68xWQRgWvI9cIglsjFowH/RJyEA==",
      "dev": true,
      "requires": {
        "@webassemblyjs/helper-module-context": "1.9.0",
        "@webassemblyjs/helper-wasm-bytecode": "1.9.0",
        "@webassemblyjs/wast-parser": "1.9.0"
      }
    },
    "@webassemblyjs/floating-point-hex-parser": {
      "version": "1.9.0",
      "resolved": "https://registry.npmjs.org/@webassemblyjs/floating-point-hex-parser/-/floating-point-hex-parser-1.9.0.tgz",
      "integrity": "sha512-TG5qcFsS8QB4g4MhrxK5TqfdNe7Ey/7YL/xN+36rRjl/BlGE/NcBvJcqsRgCP6Z92mRE+7N50pRIi8SmKUbcQA==",
      "dev": true
    },
    "@webassemblyjs/helper-api-error": {
      "version": "1.9.0",
      "resolved": "https://registry.npmjs.org/@webassemblyjs/helper-api-error/-/helper-api-error-1.9.0.tgz",
      "integrity": "sha512-NcMLjoFMXpsASZFxJ5h2HZRcEhDkvnNFOAKneP5RbKRzaWJN36NC4jqQHKwStIhGXu5mUWlUUk7ygdtrO8lbmw==",
      "dev": true
    },
    "@webassemblyjs/helper-code-frame": {
      "version": "1.9.0",
      "resolved": "https://registry.npmjs.org/@webassemblyjs/helper-code-frame/-/helper-code-frame-1.9.0.tgz",
      "integrity": "sha512-ERCYdJBkD9Vu4vtjUYe8LZruWuNIToYq/ME22igL+2vj2dQ2OOujIZr3MEFvfEaqKoVqpsFKAGsRdBSBjrIvZA==",
      "dev": true,
      "requires": {
        "@webassemblyjs/wast-printer": "1.9.0"
      }
    },
    "@webassemblyjs/helper-fsm": {
      "version": "1.9.0",
      "resolved": "https://registry.npmjs.org/@webassemblyjs/helper-fsm/-/helper-fsm-1.9.0.tgz",
      "integrity": "sha512-OPRowhGbshCb5PxJ8LocpdX9Kl0uB4XsAjl6jH/dWKlk/mzsANvhwbiULsaiqT5GZGT9qinTICdj6PLuM5gslw==",
      "dev": true
    },
    "@webassemblyjs/helper-module-context": {
      "version": "1.9.0",
      "resolved": "https://registry.npmjs.org/@webassemblyjs/helper-module-context/-/helper-module-context-1.9.0.tgz",
      "integrity": "sha512-MJCW8iGC08tMk2enck1aPW+BE5Cw8/7ph/VGZxwyvGbJwjktKkDK7vy7gAmMDx88D7mhDTCNKAW5tED+gZ0W8g==",
      "dev": true,
      "requires": {
        "@webassemblyjs/ast": "1.9.0"
      }
    },
    "@webassemblyjs/helper-wasm-bytecode": {
      "version": "1.9.0",
      "resolved": "https://registry.npmjs.org/@webassemblyjs/helper-wasm-bytecode/-/helper-wasm-bytecode-1.9.0.tgz",
      "integrity": "sha512-R7FStIzyNcd7xKxCZH5lE0Bqy+hGTwS3LJjuv1ZVxd9O7eHCedSdrId/hMOd20I+v8wDXEn+bjfKDLzTepoaUw==",
      "dev": true
    },
    "@webassemblyjs/wast-parser": {
      "version": "1.9.0",
      "resolved": "https://registry.npmjs.org/@webassemblyjs/wast-parser/-/wast-parser-1.9.0.tgz",
      "integrity": "sha512-qsqSAP3QQ3LyZjNC/0jBJ/ToSxfYJ8kYyuiGvtn/8MK89VrNEfwj7BPQzJVHi0jGTRK2dGdJ5PRqhtjzoww+bw==",
      "dev": true,
      "requires": {
        "@webassemblyjs/ast": "1.9.0",
        "@webassemblyjs/floating-point-hex-parser": "1.9.0",
        "@webassemblyjs/helper-api-error": "1.9.0",
        "@webassemblyjs/helper-code-frame": "1.9.0",
        "@webassemblyjs/helper-fsm": "1.9.0",
        "@xtuc/long": "4.2.2"
      }
    },
    "@webassemblyjs/wast-printer": {
      "version": "1.9.0",
      "resolved": "https://registry.npmjs.org/@webassemblyjs/wast-printer/-/wast-printer-1.9.0.tgz",
      "integrity": "sha512-2J0nE95rHXHyQ24cWjMKJ1tqB/ds8z/cyeOZxJhcb+rW+SQASVjuznUSmdz5GpVJTzU8JkhYut0D3siFDD6wsA==",
      "dev": true,
      "requires": {
        "@webassemblyjs/ast": "1.9.0",
        "@webassemblyjs/wast-parser": "1.9.0",
        "@xtuc/long": "4.2.2"
      }
    },
    "@xtuc/long": {
      "version": "4.2.2",
      "resolved": "https://registry.npmjs.org/@xtuc/long/-/long-4.2.2.tgz",
      "integrity": "sha512-NuHqBY1PB/D8xU6s/thBgOAiAP7HOYDQ32+BFZILJ8ivkUkAHQnWfn6WhL79Owj1qmUnoN/YPhktdIoucipkAQ==",
      "dev": true
    },
    "blocks.css": {
      "version": "0.3.0",
      "resolved": "https://registry.npmjs.org/blocks.css/-/blocks.css-0.3.0.tgz",
      "integrity": "sha512-CU2Lq2ArpZRfwmZVoszPwYz0Y/N9wKIefyQ1cfRpEC9pq2GwqL4bWJCC17HDfQ6tALzbecbDVdQ9dzM35J27zw=="
    },
    "codex-notifier": {
      "version": "1.1.2",
      "resolved": "https://registry.npmjs.org/codex-notifier/-/codex-notifier-1.1.2.tgz",
      "integrity": "sha512-DCp6xe/LGueJ1N5sXEwcBc3r3PyVkEEDNWCVigfvywAkeXcZMk9K41a31tkEFBW0Ptlwji6/JlAb49E3Yrxbtg=="
    },
    "codex-tooltip": {
      "version": "1.0.1",
      "resolved": "https://registry.npmjs.org/codex-tooltip/-/codex-tooltip-1.0.1.tgz",
      "integrity": "sha512-1xLb1NZbxguNtf02xBRhDphq/EXvMMeEbY0ievjQTHqf8UjXsD41evGk9rqcbjpl+JOjNgtwnp1OaU/X/h6fhQ=="
    },
    "normalize.min.css": {
      "version": "8.0.1",
      "resolved": "https://registry.npmjs.org/normalize.min.css/-/normalize.min.css-8.0.1.tgz",
      "integrity": "sha512-y1jnCJVwBiTe4+Ka+bWLFkQ/ItG6csiuKj7ckKoc6G+GtZhq06Bjx0hOwplR5g4p3JXyQWcY702r82tZpoLbKg==",
      "dependencies": {
        "css-tree": {
          "version": "1.0.0-alpha.29",
          "resolved": "https://registry.npmjs.org/css-tree/-/css-tree-1.0.0-alpha.29.tgz",
          "integrity": "sha512-sRNb1XydwkW9IOci6iB2xmy8IGCj6r/fr+JWitvJ2JxQRPzN3T4AGGVWCMlVmVwM1gtgALJRmGIlWv5ppnGGkg==",
          "requires": {
            "mdn-data": "~1.1.0",
            "source-map": "^0.5.3"
          }
        },
        "csso": {
          "version": "3.5.1",
          "resolved": "https://registry.npmjs.org/csso/-/csso-3.5.1.tgz",
          "integrity": "sha512-vrqULLffYU1Q2tLdJvaCYbONStnfkfimRxXNaGjxMldI0C7JPBC4rB1RyjhfdZ4m1frm8pM9uRPKH3d2knZ8gg==",
          "requires": {
            "css-tree": "1.0.0-alpha.29"
          }
        },
        "mdn-data": {
          "version": "1.1.4",
          "resolved": "https://registry.npmjs.org/mdn-data/-/mdn-data-1.1.4.tgz",
          "integrity": "sha512-FSYbp3lyKjyj3E7fMl6rYvUdX0FBXaluGqlFoYESWQlyUTq8R+wp0rkFxoYFqZlHCvsUXGjyJmLQSnXToYhOSA=="
        },
        "normalize.css": {
          "version": "8.0.1",
          "resolved": "https://registry.npmjs.org/normalize.css/-/normalize.css-8.0.1.tgz",
          "integrity": "sha512-qizSNPO93t1YUuUhP22btGOo3chcvDFqFaj2TRybP0DMxkHOCTYwp3n34fel4a31ORXy4m1Xq0Gyqpb5m33qIg=="
        },
        "source-map": {
          "version": "0.5.7",
          "resolved": "https://registry.npmjs.org/source-map/-/source-map-0.5.7.tgz",
          "integrity": "sha1-igOdLRAh0i0eoUyA2OpGi6LvP8w="
        }
      }
    }
  }
}
